{
    "_meta": {
        "hash": {
            "sha256": "2cf2ae4469f09dbfc83bba3dd2917377e47c50f00b7164a5f5c090b421b9c66b"
        },
        "pipfile-spec": 6,
        "requires": {
            "python_version": "3.6.15"
        },
        "sources": [
            {
                "name": "pypi",
                "url": "https://pypi.python.org/simple",
                "verify_ssl": true
            }
        ]
    },
    "default": {
        "selenium": {
            "hashes": [
                "sha256:a34a833d89bcfb463bfba5e5515a9276bb94221787b409f0ad28d2f91903e31d",
                "sha256:b0a06afa31a80d7dcb627eafb62776488b20bdaffcd807ac4158fadbc11061f4"
            ],
            "index": "pypi",
            "version": "==3.9.0"
        }
    },
    "develop": {}
}
